// !$*UTF8*$!
{
	archiveVersion = 1;
	classes = {
	};
	objectVersion = 77;
	objects = {

/* Begin PBXContainerItemProxy section */
		C4FD531A2CFD9068004F25E5 /* PBXContainerItemProxy */ = {
			isa = PBXContainerItemProxy;
			containerPortal = C4FD52FB2CFD9067004F25E5 /* Project object */;
			proxyType = 1;
			remoteGlobalIDString = C4FD53022CFD9067004F25E5;
			remoteInfo = Team13_scm;
		};
		C4FD53242CFD9068004F25E5 /* PBXContainerItemProxy */ = {
			isa = PBXContainerItemProxy;
			containerPortal = C4FD52FB2CFD9067004F25E5 /* Project object */;
			proxyType = 1;
			remoteGlobalIDString = C4FD53022CFD9067004F25E5;
			remoteInfo = Team13_scm;
		};
/* End PBXContainerItemProxy section */

/* Begin PBXFileReference section */
		C4FD53032CFD9067004F25E5 /* Team13_scm.app */ = {isa = PBXFileReference; explicitFileType = wrapper.application; includeInIndex = 0; path = Team13_scm.app; sourceTree = BUILT_PRODUCTS_DIR; };
		C4FD53192CFD9068004F25E5 /* Team13_scmTests.xctest */ = {isa = PBXFileReference; explicitFileType = wrapper.cfbundle; includeInIndex = 0; path = Team13_scmTests.xctest; sourceTree = BUILT_PRODUCTS_DIR; };
		C4FD53232CFD9068004F25E5 /* Team13_scmUITests.xctest */ = {isa = PBXFileReference; explicitFileType = wrapper.cfbundle; includeInIndex = 0; path = Team13_scmUITests.xctest; sourceTree = BUILT_PRODUCTS_DIR; };
/* End PBXFileReference section */

/* Begin PBXFileSystemSynchronizedBuildFileExceptionSet section */
		C4FD532B2CFD9068004F25E5 /* Exceptions for "Team13_scm" folder in "Team13_scm" target */ = {
			isa = PBXFileSystemSynchronizedBuildFileExceptionSet;
			membershipExceptions = (
				Info.plist,
			);
			target = C4FD53022CFD9067004F25E5 /* Team13_scm */;
		};
/* End PBXFileSystemSynchronizedBuildFileExceptionSet section */

/* Begin PBXFileSystemSynchronizedRootGroup section */
		C4FD53052CFD9067004F25E5 /* Team13_scm */ = {
			isa = PBXFileSystemSynchronizedRootGroup;
			exceptions = (
				C4FD532B2CFD9068004F25E5 /* Exceptions for "Team13_scm" folder in "Team13_scm" target */,
			);
			path = Team13_scm;
			sourceTree = "<group>";
		};
		C4FD531C2CFD9068004F25E5 /* Team13_scmTests */ = {
			isa = PBXFileSystemSynchronizedRootGroup;
			path = Team13_scmTests;
			sourceTree = "<group>";
		};
		C4FD53262CFD9068004F25E5 /* Team13_scmUITests */ = {
			isa = PBXFileSystemSynchronizedRootGroup;
			path = Team13_scmUITests;
			sourceTree = "<group>";
		};
/* End PBXFileSystemSynchronizedRootGroup section */

/* Begin PBXFrameworksBuildPhase section */
		C4FD53002CFD9067004F25E5 /* Frameworks */ = {
			isa = PBXFrameworksBuildPhase;
			buildActionMask = 2147483647;
			files = (
			);
			runOnlyForDeploymentPostprocessing = 0;
		};
		C4FD53162CFD9068004F25E5 /* Frameworks */ = {
			isa = PBXFrameworksBuildPhase;
			buildActionMask = 2147483647;
			files = (
			);
			runOnlyForDeploymentPostprocessing = 0;
		};
		C4FD53202CFD9068004F25E5 /* Frameworks */ = {
			isa = PBXFrameworksBuildPhase;
			buildActionMask = 2147483647;
			files = (
			);
			runOnlyForDeploymentPostprocessing = 0;
		};
/* End PBXFrameworksBuildPhase section */

/* Begin PBXGroup section */
		C4FD52FA2CFD9067004F25E5 = {
			isa = PBXGroup;
			children = (
				C4FD53052CFD9067004F25E5 /* Team13_scm */,
				C4FD531C2CFD9068004F25E5 /* Team13_scmTests */,
				C4FD53262CFD9068004F25E5 /* Team13_scmUITests */,
				C4FD53042CFD9067004F25E5 /* Products */,
			);
			sourceTree = "<group>";
		};
		C4FD53042CFD9067004F25E5 /* Products */ = {
			isa = PBXGroup;
			children = (
				C4FD53032CFD9067004F25E5 /* Team13_scm.app */,
				C4FD53192CFD9068004F25E5 /* Team13_scmTests.xctest */,
				C4FD53232CFD9068004F25E5 /* Team13_scmUITests.xctest */,
			);
			name = Products;
			sourceTree = "<group>";
		};
/* End PBXGroup section */

/* Begin PBXNativeTarget section */
		C4FD53022CFD9067004F25E5 /* Team13_scm */ = {
			isa = PBXNativeTarget;
			buildConfigurationList = C4FD532C2CFD9068004F25E5 /* Build configuration list for PBXNativeTarget "Team13_scm" */;
			buildPhases = (
				C4FD52FF2CFD9067004F25E5 /* Sources */,
				C4FD53002CFD9067004F25E5 /* Frameworks */,
				C4FD53012CFD9067004F25E5 /* Resources */,
			);
			buildRules = (
			);
			dependencies = (
			);
			fileSystemSynchronizedGroups = (
				C4FD53052CFD9067004F25E5 /* Team13_scm */,
			);
			name = Team13_scm;
			packageProductDependencies = (
			);
			productName = Team13_scm;
			productReference = C4FD53032CFD9067004F25E5 /* Team13_scm.app */;
			productType = "com.apple.product-type.application";
		};
		C4FD53182CFD9068004F25E5 /* Team13_scmTests */ = {
			isa = PBXNativeTarget;
			buildConfigurationList = C4FD53312CFD9068004F25E5 /* Build configuration list for PBXNativeTarget "Team13_scmTests" */;
			buildPhases = (
				C4FD53152CFD9068004F25E5 /* Sources */,
				C4FD53162CFD9068004F25E5 /* Frameworks */,
				C4FD53172CFD9068004F25E5 /* Resources */,
			);
			buildRules = (
			);
			dependencies = (
				C4FD531B2CFD9068004F25E5 /* PBXTargetDependency */,
			);
			fileSystemSynchronizedGroups = (
				C4FD531C2CFD9068004F25E5 /* Team13_scmTests */,
			);
			name = Team13_scmTests;
			packageProductDependencies = (
			);
			productName = Team13_scmTests;
			productReference = C4FD53192CFD9068004F25E5 /* Team13_scmTests.xctest */;
			productType = "com.apple.product-type.bundle.unit-test";
		};
		C4FD53222CFD9068004F25E5 /* Team13_scmUITests */ = {
			isa = PBXNativeTarget;
			buildConfigurationList = C4FD53342CFD9068004F25E5 /* Build configuration list for PBXNativeTarget "Team13_scmUITests" */;
			buildPhases = (
				C4FD531F2CFD9068004F25E5 /* Sources */,
				C4FD53202CFD9068004F25E5 /* Frameworks */,
				C4FD53212CFD9068004F25E5 /* Resources */,
			);
			buildRules = (
			);
			dependencies = (
				C4FD53252CFD9068004F25E5 /* PBXTargetDependency */,
			);
			fileSystemSynchronizedGroups = (
				C4FD53262CFD9068004F25E5 /* Team13_scmUITests */,
			);
			name = Team13_scmUITests;
			packageProductDependencies = (
			);
			productName = Team13_scmUITests;
			productReference = C4FD53232CFD9068004F25E5 /* Team13_scmUITests.xctest */;
			productType = "com.apple.product-type.bundle.ui-testing";
		};
/* End PBXNativeTarget section */

/* Begin PBXProject section */
		C4FD52FB2CFD9067004F25E5 /* Project object */ = {
			isa = PBXProject;
			attributes = {
				BuildIndependentTargetsInParallel = 1;
				LastSwiftUpdateCheck = 1610;
				LastUpgradeCheck = 1610;
				TargetAttributes = {
					C4FD53022CFD9067004F25E5 = {
						CreatedOnToolsVersion = 16.1;
					};
					C4FD53182CFD9068004F25E5 = {
						CreatedOnToolsVersion = 16.1;
						TestTargetID = C4FD53022CFD9067004F25E5;
					};
					C4FD53222CFD9068004F25E5 = {
						CreatedOnToolsVersion = 16.1;
						TestTargetID = C4FD53022CFD9067004F25E5;
					};
				};
			};
			buildConfigurationList = C4FD52FE2CFD9067004F25E5 /* Build configuration list for PBXProject "Team13_scm" */;
			developmentRegion = en;
			hasScannedForEncodings = 0;
			knownRegions = (
				en,
				Base,
			);
			mainGroup = C4FD52FA2CFD9067004F25E5;
			minimizedProjectReferenceProxies = 1;
			preferredProjectObjectVersion = 77;
			productRefGroup = C4FD53042CFD9067004F25E5 /* Products */;
			projectDirPath = "";
			projectRoot = "";
			targets = (
				C4FD53022CFD9067004F25E5 /* Team13_scm */,
				C4FD53182CFD9068004F25E5 /* Team13_scmTests */,
				C4FD53222CFD9068004F25E5 /* Team13_scmUITests */,
			);
		};
/* End PBXProject section */

/* Begin PBXResourcesBuildPhase section */
		C4FD53012CFD9067004F25E5 /* Resources */ = {
			isa = PBXResourcesBuildPhase;
			buildActionMask = 2147483647;
			files = (
			);
			runOnlyForDeploymentPostprocessing = 0;
		};
		C4FD53172CFD9068004F25E5 /* Resources */ = {
			isa = PBXResourcesBuildPhase;
			buildActionMask = 2147483647;
			files = (
			);
			runOnlyForDeploymentPostprocessing = 0;
		};
		C4FD53212CFD9068004F25E5 /* Resources */ = {
			isa = PBXResourcesBuildPhase;
			buildActionMask = 2147483647;
			files = (
			);
			runOnlyForDeploymentPostprocessing = 0;
		};
/* End PBXResourcesBuildPhase section */

/* Begin PBXSourcesBuildPhase section */
		C4FD52FF2CFD9067004F25E5 /* Sources */ = {
			isa = PBXSourcesBuildPhase;
			buildActionMask = 2147483647;
			files = (
			);
			runOnlyForDeploymentPostprocessing = 0;
		};
		C4FD53152CFD9068004F25E5 /* Sources */ = {
			isa = PBXSourcesBuildPhase;
			buildActionMask = 2147483647;
			files = (
			);
			runOnlyForDeploymentPostprocessing = 0;
		};
		C4FD531F2CFD9068004F25E5 /* Sources */ = {
			isa = PBXSourcesBuildPhase;
			buildActionMask = 2147483647;
			files = (
			);
			runOnlyForDeploymentPostprocessing = 0;
		};
/* End PBXSourcesBuildPhase section */

/* Begin PBXTargetDependency section */
		C4FD531B2CFD9068004F25E5 /* PBXTargetDependency */ = {
			isa = PBXTargetDependency;
			target = C4FD53022CFD9067004F25E5 /* Team13_scm */;
			targetProxy = C4FD531A2CFD9068004F25E5 /* PBXContainerItemProxy */;
		};
		C4FD53252CFD9068004F25E5 /* PBXTargetDependency */ = {
			isa = PBXTargetDependency;
			target = C4FD53022CFD9067004F25E5 /* Team13_scm */;
			targetProxy = C4FD53242CFD9068004F25E5 /* PBXContainerItemProxy */;
		};
/* End PBXTargetDependency section */

/* Begin XCBuildConfiguration section */
		C4FD532D2CFD9068004F25E5 /* Debug */ = {
			isa = XCBuildConfiguration;
			buildSettings = {
				ASSETCATALOG_COMPILER_APPICON_NAME = AppIcon;
				ASSETCATALOG_COMPILER_GLOBAL_ACCENT_COLOR_NAME = AccentColor;
				CODE_SIGN_STYLE = Automatic;
				CURRENT_PROJECT_VERSION = 1;
				GENERATE_INFOPLIST_FILE = YES;
				INFOPLIST_FILE = Team13_scm/Info.plist;
				INFOPLIST_KEY_UIApplicationSupportsIndirectInputEvents = YES;
				INFOPLIST_KEY_UILaunchStoryboardName = LaunchScreen;
				INFOPLIST_KEY_UIMainStoryboardFile = Main;
				INFOPLIST_KEY_UISupportedInterfaceOrientations_iPad = "UIInterfaceOrientationPortrait UIInterfaceOrientationPortraitUpsideDown UIInterfaceOrientationLandscapeLeft UIInterfaceOrientationLandscapeRight";
				INFOPLIST_KEY_UISupportedInterfaceOrientations_iPhone = "UIInterfaceOrientationPortrait UIInterfaceOrientationLandscapeLeft UIInterfaceOrientationLandscapeRight";
				LD_RUNPATH_SEARCH_PATHS = (
					"$(inherited)",
					"@executable_path/Frameworks",
				);
				MARKETING_VERSION = 1.0;
				PRODUCT_BUNDLE_IDENTIFIER = "in.galgotias.Team13-scm";
				PRODUCT_NAME = "$(TARGET_NAME)";
				SWIFT_EMIT_LOC_STRINGS = YES;
				SWIFT_VERSION = 5.0;
				TARGETED_DEVICE_FAMILY = "1,2";
			};
			name = Debug;
		};
		C4FD532E2CFD9068004F25E5 /* Release */ = {
			isa = XCBuildConfiguration;
			buildSettings = {
				ASSETCATALOG_COMPILER_APPICON_NAME = AppIcon;
				ASSETCATALOG_COMPILER_GLOBAL_ACCENT_COLOR_NAME = AccentColor;
				CODE_SIGN_STYLE = Automatic;
				CURRENT_PROJECT_VERSION = 1;
				GENERATE_INFOPLIST_FILE = YES;
				INFOPLIST_FILE = Team13_scm/Info.plist;
				INFOPLIST_KEY_UIApplicationSupportsIndirectInputEvents = YES;
				INFOPLIST_KEY_UILaunchStoryboardName = LaunchScreen;
				INFOPLIST_KEY_UIMainStoryboardFile = Main;
				INFOPLIST_KEY_UISupportedInterfaceOrientations_iPad = "UIInterfaceOrientationPortrait UIInterfaceOrientationPortraitUpsideDown UIInterfaceOrientationLandscapeLeft UIInterfaceOrientationLandscapeRight";
				INFOPLIST_KEY_UISupportedInterfaceOrientations_iPhone = "UIInterfaceOrientationPortrait UIInterfaceOrientationLandscapeLeft UIInterfaceOrientationLandscapeRight";
				LD_RUNPATH_SEARCH_PATHS = (
					"$(inherited)",
					"@executable_path/Frameworks",
				);
				MARKETING_VERSION = 1.0;
				PRODUCT_BUNDLE_IDENTIFIER = "in.galgotias.Team13-scm";
				PRODUCT_NAME = "$(TARGET_NAME)";
				SWIFT_EMIT_LOC_STRINGS = YES;
				SWIFT_VERSION = 5.0;
				TARGETED_DEVICE_FAMILY = "1,2";
			};
			name = Release;
		};
		C4FD532F2CFD9068004F25E5 /* Debug */ = {
			isa = XCBuildConfiguration;
			buildSettings = {
				ALWAYS_SEARCH_USER_PATHS = NO;
				ASSETCATALOG_COMPILER_GENERATE_SWIFT_ASSET_SYMBOL_EXTENSIONS = YES;
				CLANG_ANALYZER_NONNULL = YES;
				CLANG_ANALYZER_NUMBER_OBJECT_CONVERSION = YES_AGGRESSIVE;
				CLANG_CXX_LANGUAGE_STANDARD = "gnu++20";
				CLANG_ENABLE_MODULES = YES;
				CLANG_ENABLE_OBJC_ARC = YES;
				CLANG_ENABLE_OBJC_WEAK = YES;
				CLANG_WARN_BLOCK_CAPTURE_AUTORELEASING = YES;
				CLANG_WARN_BOOL_CONVERSION = YES;
				CLANG_WARN_COMMA = YES;
				CLANG_WARN_CONSTANT_CONVERSION = YES;
				CLANG_WARN_DEPRECATED_OBJC_IMPLEMENTATIONS = YES;
				CLANG_WARN_DIRECT_OBJC_ISA_USAGE = YES_ERROR;
				CLANG_WARN_DOCUMENTATION_COMMENTS = YES;
				CLANG_WARN_EMPTY_BODY = YES;
				CLANG_WARN_ENUM_CONVERSION = YES;
				CLANG_WARN_INFINITE_RECURSION = YES;
				CLANG_WARN_INT_CONVERSION = YES;
				CLANG_WARN_NON_LITERAL_NULL_CONVERSION = YES;
				CLANG_WARN_OBJC_IMPLICIT_RETAIN_SELF = YES;
				CLANG_WARN_OBJC_LITERAL_CONVERSION = YES;
				CLANG_WARN_OBJC_ROOT_CLASS = YES_ERROR;
				CLANG_WARN_QUOTED_INCLUDE_IN_FRAMEWORK_HEADER = YES;
				CLANG_WARN_RANGE_LOOP_ANALYSIS = YES;
				CLANG_WARN_STRICT_PROTOTYPES = YES;
				CLANG_WARN_SUSPICIOUS_MOVE = YES;
				CLANG_WARN_UNGUARDED_AVAILABILITY = YES_AGGRESSIVE;
				CLANG_WARN_UNREACHABLE_CODE = YES;
				CLANG_WARN__DUPLICATE_METHOD_MATCH = YES;
				COPY_PHASE_STRIP = NO;
				DEBUG_INFORMATION_FORMAT = dwarf;
				ENABLE_STRICT_OBJC_MSGSEND = YES;
				ENABLE_TESTABILITY = YES;
				ENABLE_USER_SCRIPT_SANDBOXING = YES;
				GCC_C_LANGUAGE_STANDARD = gnu17;
				GCC_DYNAMIC_NO_PIC = NO;
				GCC_NO_COMMON_BLOCKS = YES;
				GCC_OPTIMIZATION_LEVEL = 0;
				GCC_PREPROCESSOR_DEFINITIONS = (
					"DEBUG=1",
					"$(inherited)",
				);
				GCC_WARN_64_TO_32_BIT_CONVERSION = YES;
				GCC_WARN_ABOUT_RETURN_TYPE = YES_ERROR;
				GCC_WARN_UNDECLARED_SELECTOR = YES;
				GCC_WARN_UNINITIALIZED_AUTOS = YES_AGGRESSIVE;
				GCC_WARN_UNUSED_FUNCTION = YES;
				GCC_WARN_UNUSED_VARIABLE = YES;
				IPHONEOS_DEPLOYMENT_TARGET = 18.1;
				LOCALIZATION_PREFERS_STRING_CATALOGS = YES;
				MTL_ENABLE_DEBUG_INFO = INCLUDE_SOURCE;
				MTL_FAST_MATH = YES;
				ONLY_ACTIVE_ARCH = YES;
				SDKROOT = iphoneos;
				SWIFT_ACTIVE_COMPILATION_CONDITIONS = "DEBUG $(inherited)";
				SWIFT_OPTIMIZATION_LEVEL = "-Onone";
			};
			name = Debug;
		};
		C4FD53302CFD9068004F25E5 /* Release */ = {
			isa = XCBuildConfiguration;
			buildSettings = {
				ALWAYS_SEARCH_USER_PATHS = NO;
				ASSETCATALOG_COMPILER_GENERATE_SWIFT_ASSET_SYMBOL_EXTENSIONS = YES;
				CLANG_ANALYZER_NONNULL = YES;
				CLANG_ANALYZER_NUMBER_OBJECT_CONVERSION = YES_AGGRESSIVE;
				CLANG_CXX_LANGUAGE_STANDARD = "gnu++20";
				CLANG_ENABLE_MODULES = YES;
				CLANG_ENABLE_OBJC_ARC = YES;
				CLANG_ENABLE_OBJC_WEAK = YES;
				CLANG_WARN_BLOCK_CAPTURE_AUTORELEASING = YES;
				CLANG_WARN_BOOL_CONVERSION = YES;
				CLANG_WARN_COMMA = YES;
				CLANG_WARN_CONSTANT_CONVERSION = YES;
				CLANG_WARN_DEPRECATED_OBJC_IMPLEMENTATIONS = YES;
				CLANG_WARN_DIRECT_OBJC_ISA_USAGE = YES_ERROR;
				CLANG_WARN_DOCUMENTATION_COMMENTS = YES;
				CLANG_WARN_EMPTY_BODY = YES;
				CLANG_WARN_ENUM_CONVERSION = YES;
				CLANG_WARN_INFINITE_RECURSION = YES;
				CLANG_WARN_INT_CONVERSION = YES;
				CLANG_WARN_NON_LITERAL_NULL_CONVERSION = YES;
				CLANG_WARN_OBJC_IMPLICIT_RETAIN_SELF = YES;
				CLANG_WARN_OBJC_LITERAL_CONVERSION = YES;
				CLANG_WARN_OBJC_ROOT_CLASS = YES_ERROR;
				CLANG_WARN_QUOTED_INCLUDE_IN_FRAMEWORK_HEADER = YES;
				CLANG_WARN_RANGE_LOOP_ANALYSIS = YES;
				CLANG_WARN_STRICT_PROTOTYPES = YES;
				CLANG_WARN_SUSPICIOUS_MOVE = YES;
				CLANG_WARN_UNGUARDED_AVAILABILITY = YES_AGGRESSIVE;
				CLANG_WARN_UNREACHABLE_CODE = YES;
				CLANG_WARN__DUPLICATE_METHOD_MATCH = YES;
				COPY_PHASE_STRIP = NO;
				DEBUG_INFORMATION_FORMAT = "dwarf-with-dsym";
				ENABLE_NS_ASSERTIONS = NO;
				ENABLE_STRICT_OBJC_MSGSEND = YES;
				ENABLE_USER_SCRIPT_SANDBOXING = YES;
				GCC_C_LANGUAGE_STANDARD = gnu17;
				GCC_NO_COMMON_BLOCKS = YES;
				GCC_WARN_64_TO_32_BIT_CONVERSION = YES;
				GCC_WARN_ABOUT_RETURN_TYPE = YES_ERROR;
				GCC_WARN_UNDECLARED_SELECTOR = YES;
				GCC_WARN_UNINITIALIZED_AUTOS = YES_AGGRESSIVE;
				GCC_WARN_UNUSED_FUNCTION = YES;
				GCC_WARN_UNUSED_VARIABLE = YES;
				IPHONEOS_DEPLOYMENT_TARGET = 18.1;
				LOCALIZATION_PREFERS_STRING_CATALOGS = YES;
				MTL_ENABLE_DEBUG_INFO = NO;
				MTL_FAST_MATH = YES;
				SDKROOT = iphoneos;
				SWIFT_COMPILATION_MODE = wholemodule;
				VALIDATE_PRODUCT = YES;
			};
			name = Release;
		};
		C4FD53322CFD9068004F25E5 /* Debug */ = {
			isa = XCBuildConfiguration;
			buildSettings = {
				BUNDLE_LOADER = "$(TEST_HOST)";
				CODE_SIGN_STYLE = Automatic;
				CURRENT_PROJECT_VERSION = 1;
				GENERATE_INFOPLIST_FILE = YES;
				IPHONEOS_DEPLOYMENT_TARGET = 18.1;
				MARKETING_VERSION = 1.0;
				PRODUCT_BUNDLE_IDENTIFIER = "in.galgotias.Team13-scmTests";
				PRODUCT_NAME = "$(TARGET_NAME)";
				SWIFT_EMIT_LOC_STRINGS = NO;
				SWIFT_VERSION = 5.0;
				TARGETED_DEVICE_FAMILY = "1,2";
				TEST_HOST = "$(BUILT_PRODUCTS_DIR)/Team13_scm.app/$(BUNDLE_EXECUTABLE_FOLDER_PATH)/Team13_scm";
			};
			name = Debug;
		};
		C4FD53332CFD9068004F25E5 /* Release */ = {
			isa = XCBuildConfiguration;
			buildSettings = {
				BUNDLE_LOADER = "$(TEST_HOST)";
				CODE_SIGN_STYLE = Automatic;
				CURRENT_PROJECT_VERSION = 1;
				GENERATE_INFOPLIST_FILE = YES;
				IPHONEOS_DEPLOYMENT_TARGET = 18.1;
				MARKETING_VERSION = 1.0;
				PRODUCT_BUNDLE_IDENTIFIER = "in.galgotias.Team13-scmTests";
				PRODUCT_NAME = "$(TARGET_NAME)";
				SWIFT_EMIT_LOC_STRINGS = NO;
				SWIFT_VERSION = 5.0;
				TARGETED_DEVICE_FAMILY = "1,2";
				TEST_HOST = "$(BUILT_PRODUCTS_DIR)/Team13_scm.app/$(BUNDLE_EXECUTABLE_FOLDER_PATH)/Team13_scm";
			};
			name = Release;
		};
		C4FD53352CFD9068004F25E5 /* Debug */ = {
			isa = XCBuildConfiguration;
			buildSettings = {
				CODE_SIGN_STYLE = Automatic;
				CURRENT_PROJECT_VERSION = 1;
				GENERATE_INFOPLIST_FILE = YES;
				MARKETING_VERSION = 1.0;
				PRODUCT_BUNDLE_IDENTIFIER = "in.galgotias.Team13-scmUITests";
				PRODUCT_NAME = "$(TARGET_NAME)";
				SWIFT_EMIT_LOC_STRINGS = NO;
				SWIFT_VERSION = 5.0;
				TARGETED_DEVICE_FAMILY = "1,2";
				TEST_TARGET_NAME = Team13_scm;
			};
			name = Debug;
		};
		C4FD53362CFD9068004F25E5 /* Release */ = {
			isa = XCBuildConfiguration;
			buildSettings = {
				CODE_SIGN_STYLE = Automatic;
				CURRENT_PROJECT_VERSION = 1;
				GENERATE_INFOPLIST_FILE = YES;
				MARKETING_VERSION = 1.0;
				PRODUCT_BUNDLE_IDENTIFIER = "in.galgotias.Team13-scmUITests";
				PRODUCT_NAME = "$(TARGET_NAME)";
				SWIFT_EMIT_LOC_STRINGS = NO;
				SWIFT_VERSION = 5.0;
				TARGETED_DEVICE_FAMILY = "1,2";
				TEST_TARGET_NAME = Team13_scm;
			};
			name = Release;
		};
/* End XCBuildConfiguration section */

/* Begin XCConfigurationList section */
		C4FD52FE2CFD9067004F25E5 /* Build configuration list for PBXProject "Team13_scm" */ = {
			isa = XCConfigurationList;
			buildConfigurations = (
				C4FD532F2CFD9068004F25E5 /* Debug */,
				C4FD53302CFD9068004F25E5 /* Release */,
			);
			defaultConfigurationIsVisible = 0;
			defaultConfigurationName = Release;
		};
		C4FD532C2CFD9068004F25E5 /* Build configuration list for PBXNativeTarget "Team13_scm" */ = {
			isa = XCConfigurationList;
			buildConfigurations = (
				C4FD532D2CFD9068004F25E5 /* Debug */,
				C4FD532E2CFD9068004F25E5 /* Release */,
			);
			defaultConfigurationIsVisible = 0;
			defaultConfigurationName = Release;
		};
		C4FD53312CFD9068004F25E5 /* Build configuration list for PBXNativeTarget "Team13_scmTests" */ = {
			isa = XCConfigurationList;
			buildConfigurations = (
				C4FD53322CFD9068004F25E5 /* Debug */,
				C4FD53332CFD9068004F25E5 /* Release */,
			);
			defaultConfigurationIsVisible = 0;
			defaultConfigurationName = Release;
		};
		C4FD53342CFD9068004F25E5 /* Build configuration list for PBXNativeTarget "Team13_scmUITests" */ = {
			isa = XCConfigurationList;
			buildConfigurations = (
				C4FD53352CFD9068004F25E5 /* Debug */,
				C4FD53362CFD9068004F25E5 /* Release */,
			);
			defaultConfigurationIsVisible = 0;
			defaultConfigurationName = Release;
		};
/* End XCConfigurationList section */
	};
	rootObject = C4FD52FB2CFD9067004F25E5 /* Project object */;
}
